schema: '2.0'
stages:
  data_ingestion:
    cmd:
    - python src/VehicleTypeDetection/pipeline/stage_01_data_ingestion.py
    deps:
    - path: config/config.yaml
      hash: md5
      md5: e1f5e059ecd31d8f2ac003904ad37470
      size: 728
    - path: src/VehicleTypeDetection/pipeline/stage_01_data_ingestion.py
      hash: md5
      md5: 898ad0bd6c55a39b326d2b036bb10073
      size: 1017
    outs:
    - path: artifacts/data_ingestion
      hash: md5
      md5: 29a902dbc933a5bc7c1db34b5af51f7a.dir
      size: 169723128
      nfiles: 400
  prepare_base_model:
    cmd: python src/VehicleTypeDetection/pipeline/stage_02_prepare_base_model.py
    deps:
    - path: config/config.yaml
      hash: md5
      md5: e1f5e059ecd31d8f2ac003904ad37470
      size: 728
    - path: src/VehicleTypeDetection/pipeline/stage_02_prepare_base_model.py
      hash: md5
      md5: 086e0583b96a37d54d6483b6e6823a2d
      size: 1177
    params:
      params.yaml:
        include_top: false
        input_shape:
        - 224
        - 224
        - 3
        learning_rate: 0.001
        num_classes: 4
        weights: imagenet
    outs:
    - path: artifacts/prepare_base_model
      hash: md5
      md5: b71cdd3cda0f59f8bad794db51fda4f7.dir
      size: 118259952
      nfiles: 2
  model_training:
    cmd: python src/VehicleTypeDetection/pipeline/stage_03_model_training.py
    deps:
    - path: artifacts/data_ingestion/Dataset
      hash: md5
      md5: 61e417c98f7e232dd23fcc157472dcc5.dir
      size: 169723128
      nfiles: 400
    - path: artifacts/prepare_base_model
      hash: md5
      md5: b71cdd3cda0f59f8bad794db51fda4f7.dir
      size: 118259952
      nfiles: 2
    - path: config/config.yaml
      hash: md5
      md5: e1f5e059ecd31d8f2ac003904ad37470
      size: 728
    - path: src/VehicleTypeDetection/components/prepare_callbacks.py
      hash: md5
      md5: e53535bb92858a6468498d9cf5ecf444
      size: 1006
    - path: src/VehicleTypeDetection/pipeline/stage_03_model_training.py
      hash: md5
      md5: 35f3511d2b79c0c95b0773c5ac3a8ddb
      size: 1477
    params:
      params.yaml:
        batch_size: 16
        epochs: 20
        input_shape:
        - 224
        - 224
        - 3
        is_augmentation: true
    outs:
    - path: artifacts/training/trained_model.h5
      hash: md5
      md5: 8555e2d521c24012cc2fdb33e2cae1ec
      size: 59742128
  model_evaluation:
    cmd: python src/VehicleTypeDetection/pipeline/stage_04_model_evaluation.py
    deps:
    - path: artifacts/data_ingestion/Dataset
      hash: md5
      md5: 61e417c98f7e232dd23fcc157472dcc5.dir
      size: 169723128
      nfiles: 400
    - path: artifacts/training/trained_model.h5
      hash: md5
      md5: 8555e2d521c24012cc2fdb33e2cae1ec
      size: 59742128
    - path: config/config.yaml
      hash: md5
      md5: e1f5e059ecd31d8f2ac003904ad37470
      size: 728
    - path: src/VehicleTypeDetection/pipeline/stage_04_model_evaluation.py
      hash: md5
      md5: b50d9ea4a394c8417c822ef6c5ba0f64
      size: 1127
    params:
      params.yaml:
        batch_size: 16
        input_shape:
        - 224
        - 224
        - 3
    outs:
    - path: scores.json
      hash: md5
      md5: 924fcb700c26f290d88a5dc350d43e2a
      size: 60
